
Microsoft Visual Studio Solution File, Format Version 12.00
# Visual Studio 2012
Project("{FAE04EC0-301F-11D3-BF4B-00C04F79EFBC}") = "Notifier.DataAccess", "Notifier.DataAccess\Notifier.DataAccess.csproj", "{83211D2C-797D-43E7-91E2-E2E3C0475049}"
EndProject
Project("{FAE04EC0-301F-11D3-BF4B-00C04F79EFBC}") = "Notifier.Scheduler", "Notifier.Scheduler\Notifier.Scheduler.csproj", "{30939D0C-5BD5-4789-B52C-11CF34AB91DE}"
EndProject
Project("{FAE04EC0-301F-11D3-BF4B-00C04F79EFBC}") = "Notifier", "Notifier\Notifier.csproj", "{AD474A8E-35E4-4307-B16A-93780E10BE16}"
EndProject
Global
	GlobalSection(SolutionConfigurationPlatforms) = preSolution
		Debug|Any CPU = Debug|Any CPU
		Release|Any CPU = Release|Any CPU
	EndGlobalSection
	GlobalSection(ProjectConfigurationPlatforms) = postSolution
		{83211D2C-797D-43E7-91E2-E2E3C0475049}.Debug|Any CPU.ActiveCfg = Debug|Any CPU
		{83211D2C-797D-43E7-91E2-E2E3C0475049}.Debug|Any CPU.Build.0 = Debug|Any CPU
		{83211D2C-797D-43E7-91E2-E2E3C0475049}.Release|Any CPU.ActiveCfg = Release|Any CPU
		{83211D2C-797D-43E7-91E2-E2E3C0475049}.Release|Any CPU.Build.0 = Release|Any CPU
		{30939D0C-5BD5-4789-B52C-11CF34AB91DE}.Debug|Any CPU.ActiveCfg = Debug|Any CPU
		{30939D0C-5BD5-4789-B52C-11CF34AB91DE}.Debug|Any CPU.Build.0 = Debug|Any CPU
		{30939D0C-5BD5-4789-B52C-11CF34AB91DE}.Release|Any CPU.ActiveCfg = Release|Any CPU
		{30939D0C-5BD5-4789-B52C-11CF34AB91DE}.Release|Any CPU.Build.0 = Release|Any CPU
		{AD474A8E-35E4-4307-B16A-93780E10BE16}.Debug|Any CPU.ActiveCfg = Debug|Any CPU
		{AD474A8E-35E4-4307-B16A-93780E10BE16}.Debug|Any CPU.Build.0 = Debug|Any CPU
		{AD474A8E-35E4-4307-B16A-93780E10BE16}.Release|Any CPU.ActiveCfg = Release|Any CPU
		{AD474A8E-35E4-4307-B16A-93780E10BE16}.Release|Any CPU.Build.0 = Release|Any CPU
	EndGlobalSection
	GlobalSection(SolutionProperties) = preSolution
		HideSolutionNode = FALSE
	EndGlobalSection
EndGlobal
